
Microsoft Visual Studio Solution File, Format Version 12.00
# Visual Studio 15
VisualStudioVersion = 15.0.28307.902
MinimumVisualStudioVersion = 10.0.40219.1
Project("{FAE04EC0-301F-11D3-BF4B-00C04F79EFBC}") = "ParkingManagement_GUI", "ParkingManagement_GUI\ParkingManagement_GUI.csproj", "{FC3494FA-4AD8-4AAD-B4E3-24EBE1D3DDD9}"
EndProject
Project("{FAE04EC0-301F-11D3-BF4B-00C04F79EFBC}") = "ParkingManagement_DAL", "ParkingManagement_DAL\ParkingManagement_DAL.csproj", "{02340E8C-453B-455F-BADB-805E63371347}"
EndProject
Project("{FAE04EC0-301F-11D3-BF4B-00C04F79EFBC}") = "ParkingManagement_DTO", "ParkingManagement_DTO\ParkingManagement_DTO.csproj", "{C76E07CE-598E-419A-BA47-CB664E28C2F3}"
EndProject
Project("{FAE04EC0-301F-11D3-BF4B-00C04F79EFBC}") = "ParkingManagement_BUS", "ParkingManagement_BUS\ParkingManagement_BUS.csproj", "{713818AC-9CD6-47C8-90B7-365FBDE69346}"
EndProject
Global
	GlobalSection(SolutionConfigurationPlatforms) = preSolution
		Debug|Any CPU = Debug|Any CPU
		Release|Any CPU = Release|Any CPU
	EndGlobalSection
	GlobalSection(ProjectConfigurationPlatforms) = postSolution
		{FC3494FA-4AD8-4AAD-B4E3-24EBE1D3DDD9}.Debug|Any CPU.ActiveCfg = Debug|Any CPU
		{FC3494FA-4AD8-4AAD-B4E3-24EBE1D3DDD9}.Debug|Any CPU.Build.0 = Debug|Any CPU
		{FC3494FA-4AD8-4AAD-B4E3-24EBE1D3DDD9}.Release|Any CPU.ActiveCfg = Release|Any CPU
		{FC3494FA-4AD8-4AAD-B4E3-24EBE1D3DDD9}.Release|Any CPU.Build.0 = Release|Any CPU
		{02340E8C-453B-455F-BADB-805E63371347}.Debug|Any CPU.ActiveCfg = Debug|Any CPU
		{02340E8C-453B-455F-BADB-805E63371347}.Debug|Any CPU.Build.0 = Debug|Any CPU
		{02340E8C-453B-455F-BADB-805E63371347}.Release|Any CPU.ActiveCfg = Release|Any CPU
		{02340E8C-453B-455F-BADB-805E63371347}.Release|Any CPU.Build.0 = Release|Any CPU
		{C76E07CE-598E-419A-BA47-CB664E28C2F3}.Debug|Any CPU.ActiveCfg = Debug|Any CPU
		{C76E07CE-598E-419A-BA47-CB664E28C2F3}.Debug|Any CPU.Build.0 = Debug|Any CPU
		{C76E07CE-598E-419A-BA47-CB664E28C2F3}.Release|Any CPU.ActiveCfg = Release|Any CPU
		{C76E07CE-598E-419A-BA47-CB664E28C2F3}.Release|Any CPU.Build.0 = Release|Any CPU
		{713818AC-9CD6-47C8-90B7-365FBDE69346}.Debug|Any CPU.ActiveCfg = Debug|Any CPU
		{713818AC-9CD6-47C8-90B7-365FBDE69346}.Debug|Any CPU.Build.0 = Debug|Any CPU
		{713818AC-9CD6-47C8-90B7-365FBDE69346}.Release|Any CPU.ActiveCfg = Release|Any CPU
		{713818AC-9CD6-47C8-90B7-365FBDE69346}.Release|Any CPU.Build.0 = Release|Any CPU
	EndGlobalSection
	GlobalSection(SolutionProperties) = preSolution
		HideSolutionNode = FALSE
	EndGlobalSection
	GlobalSection(ExtensibilityGlobals) = postSolution
		SolutionGuid = {297F6C64-0A8D-4E39-BD18-51A47074E79B}
	EndGlobalSection
EndGlobal
