
Microsoft Visual Studio Solution File, Format Version 12.00
# Visual Studio Version 16
VisualStudioVersion = 16.0.29102.190
MinimumVisualStudioVersion = 10.0.40219.1
Project("{FAE04EC0-301F-11D3-BF4B-00C04F79EFBC}") = "ParkingManagement_GUI", "ParkingManagement_GUI\ParkingManagement_GUI.csproj", "{FC3494FA-4AD8-4AAD-B4E3-24EBE1D3DDD9}"
EndProject
Project("{FAE04EC0-301F-11D3-BF4B-00C04F79EFBC}") = "ParkingManagement_DAL", "ParkingManagement_DAL\ParkingManagement_DAL.csproj", "{824A1DF3-8E7A-4B46-B92E-8997BB1BE66C}"
EndProject
Project("{FAE04EC0-301F-11D3-BF4B-00C04F79EFBC}") = "ParkingManagement_BUS", "ParkingManagement_BUS\ParkingManagement_BUS.csproj", "{C620A178-64D4-4D65-9B40-6FDFE5CE5FFA}"
EndProject
Project("{FAE04EC0-301F-11D3-BF4B-00C04F79EFBC}") = "ParkingManagement_DTO", "ParkingManagement_DTO\ParkingManagement_DTO.csproj", "{34E32CE3-99F7-44C3-AED8-C8C105A92AE2}"
EndProject
Global
	GlobalSection(SolutionConfigurationPlatforms) = preSolution
		Debug|Any CPU = Debug|Any CPU
		Release|Any CPU = Release|Any CPU
	EndGlobalSection
	GlobalSection(ProjectConfigurationPlatforms) = postSolution
		{FC3494FA-4AD8-4AAD-B4E3-24EBE1D3DDD9}.Debug|Any CPU.ActiveCfg = Debug|Any CPU
		{FC3494FA-4AD8-4AAD-B4E3-24EBE1D3DDD9}.Debug|Any CPU.Build.0 = Debug|Any CPU
		{FC3494FA-4AD8-4AAD-B4E3-24EBE1D3DDD9}.Release|Any CPU.ActiveCfg = Release|Any CPU
		{FC3494FA-4AD8-4AAD-B4E3-24EBE1D3DDD9}.Release|Any CPU.Build.0 = Release|Any CPU
		{824A1DF3-8E7A-4B46-B92E-8997BB1BE66C}.Debug|Any CPU.ActiveCfg = Debug|Any CPU
		{824A1DF3-8E7A-4B46-B92E-8997BB1BE66C}.Debug|Any CPU.Build.0 = Debug|Any CPU
		{824A1DF3-8E7A-4B46-B92E-8997BB1BE66C}.Release|Any CPU.ActiveCfg = Release|Any CPU
		{824A1DF3-8E7A-4B46-B92E-8997BB1BE66C}.Release|Any CPU.Build.0 = Release|Any CPU
		{C620A178-64D4-4D65-9B40-6FDFE5CE5FFA}.Debug|Any CPU.ActiveCfg = Debug|Any CPU
		{C620A178-64D4-4D65-9B40-6FDFE5CE5FFA}.Debug|Any CPU.Build.0 = Debug|Any CPU
		{C620A178-64D4-4D65-9B40-6FDFE5CE5FFA}.Release|Any CPU.ActiveCfg = Release|Any CPU
		{C620A178-64D4-4D65-9B40-6FDFE5CE5FFA}.Release|Any CPU.Build.0 = Release|Any CPU
		{34E32CE3-99F7-44C3-AED8-C8C105A92AE2}.Debug|Any CPU.ActiveCfg = Debug|Any CPU
		{34E32CE3-99F7-44C3-AED8-C8C105A92AE2}.Debug|Any CPU.Build.0 = Debug|Any CPU
		{34E32CE3-99F7-44C3-AED8-C8C105A92AE2}.Release|Any CPU.ActiveCfg = Release|Any CPU
		{34E32CE3-99F7-44C3-AED8-C8C105A92AE2}.Release|Any CPU.Build.0 = Release|Any CPU
	EndGlobalSection
	GlobalSection(SolutionProperties) = preSolution
		HideSolutionNode = FALSE
	EndGlobalSection
	GlobalSection(ExtensibilityGlobals) = postSolution
		SolutionGuid = {297F6C64-0A8D-4E39-BD18-51A47074E79B}
	EndGlobalSection
EndGlobal
